version = 1
revision = 3
requires-python = ">=3.13"

[[package]]
name = "click"
version = "8.4.2"
source = { registry = "https://mirrors.aliyun.com/pypi/simple" }
dependencies = [
    { name = "colorama", marker = "sys_platform == 'win32'" },
]
sdist = { url = "https://mirrors.aliyun.com/pypi/packages/76/d4/81420972a676e8ffea40450d8c8c92943e7218a78fe9b64359836cc9876b/click-8.4.2.tar.gz", hash = "sha256:9a6cea6e60b17ebe0a44c5cc636d94f09bd66142c1cd7d8b4cd731c4917a15f6" }
wheels = [
    { url = "https://mirrors.aliyun.com/pypi/packages/fb/e2/79c688af8b210d232694e31e59da9f6ec747bae31c3f5946e4e9b98860d5/click-8.4.2-py3-none-any.whl", hash = "sha256:e6f9f66136c816745b9d65817da91d61d957fb16e02e4dcd0552553c5a197b76" },
]

[[package]]
name = "colorama"
version = "0.4.6"
source = { registry = "https://mirrors.aliyun.com/pypi/simple" }
sdist = { url = "https://mirrors.aliyun.com/pypi/packages/d8/53/6f443c9a4a8358a93a6792e2acffb9d9d5cb0a5cfd8802644b7b1c9a02e4/colorama-0.4.6.tar.gz", hash = "sha256:08695f5cb7ed6e0531a20572697297273c47b8cae5a63ffc6d6ed5c201be6e44" }
wheels = [
    { url = "https://mirrors.aliyun.com/pypi/packages/d1/d6/3965ed04c63042e047cb6a3e6ed1a63a35087b6a609aa3a15ed8ac56c221/colorama-0.4.6-py2.py3-none-any.whl", hash = "sha256:4f1d9991f5acc0ca119f9d443620b77f9d6b33703e51011c16baf57afb285fc6" },
]

[[package]]
name = "ephem"
version = "4.2.1"
source = { registry = "https://mirrors.aliyun.com/pypi/simple" }
sdist = { url = "https://mirrors.aliyun.com/pypi/packages/37/f0/a38e882d3c73bb8bcc37a0a27c9a7b8fceb7906312006fb03c01d0a098b3/ephem-4.2.1.tar.gz", hash = "sha256:920cb30369c79fde1088c2060d555ea5f8a50fdc80a9265832fd5bf195cf147f" }
wheels = [
    { url = "https://mirrors.aliyun.com/pypi/packages/bb/8a/2af7194252902b8f9bd6f282051864d86311b90e846a9f9a6c33798d60a9/ephem-4.2.1-cp313-cp313-macosx_10_13_x86_64.whl", hash = "sha256:19ad36d7a5bf63cd424576ff392d7bd9bf579d903b14ecd98173d577a51051e1" },
    { url = "https://mirrors.aliyun.com/pypi/packages/ef/3f/d28fb26afacb07c81268a5f7b6a1c2b4a14d0304899c20502205dfccdeaf/ephem-4.2.1-cp313-cp313-macosx_11_0_arm64.whl", hash = "sha256:458637fd487cdc897a86912089086161f042c3525a268245490565255bcf46a0" },
    { url = "https://mirrors.aliyun.com/pypi/packages/43/b9/008cbb78827b145b7afaa152af6991ba7fc5baa99cf16cf64ec9f0fef9ce/ephem-4.2.1-cp313-cp313-manylinux2010_i686.manylinux_2_12_i686.manylinux_2_28_i686.whl", hash = "sha256:b99bdfa5372d83f43c052c845c05260e9355824dc0a88bbb0b9b4bdd438305fc" },
    { url = "https://mirrors.aliyun.com/pypi/packages/b4/b2/2e6674089d4eb0e4cc4bde6e30d841ff9bcd2d513deebb4ae41b83eaef84/ephem-4.2.1-cp313-cp313-manylinux2014_aarch64.manylinux_2_17_aarch64.manylinux_2_28_aarch64.whl", hash = "sha256:9ae26bc5abc4073edf6898e5969f3e7b77c47d3c88521177cb3df14fe8963259" },
    { url = "https://mirrors.aliyun.com/pypi/packages/b9/b5/c04ddeea27c093146d064c994bd795ce5244533b839ef7ccfe35850fb289/ephem-4.2.1-cp313-cp313-manylinux2014_s390x.manylinux_2_17_s390x.manylinux_2_28_s390x.whl", hash = "sha256:078894d72e38cfaee8d00959d6720506af61c0fba5ef42f9e2ea1528296a4320" },
    { url = "https://mirrors.aliyun.com/pypi/packages/53/1c/c7149f3be5e9852316907621e6d6e2f8833b2044c12f041157495eb74358/ephem-4.2.1-cp313-cp313-manylinux2014_x86_64.manylinux_2_17_x86_64.manylinux_2_28_x86_64.whl", hash = "sha256:3b37ef161ca287f025c7c299b612fbb7e83530840c938d06a61fcd7889a66db5" },
    { url = "https://mirrors.aliyun.com/pypi/packages/eb/54/3f8575295de6c07b151d73dfa4d7ed0dd3efe6a02b7b633fbd74381e13d2/ephem-4.2.1-cp313-cp313-musllinux_1_2_aarch64.whl", hash = "sha256:5e9934d309fb3c6d79373259b2a9fc71874a512b90d61523e334720805b6fa5c" },
    { url = "https://mirrors.aliyun.com/pypi/packages/0d/72/b961fa4b1efb39ac0021e1e31fb3c0a6c5fad45d7fde4908748252e2ac17/ephem-4.2.1-cp313-cp313-musllinux_1_2_i686.whl", hash = "sha256:5530ca3c85a22d31838844427b96abcbe96da6048b6e83a675a5bcc23e5af43c" },
    { url = "https://mirrors.aliyun.com/pypi/packages/74/ce/93ad503431136611187a60c986441510cd69908add782003526e0d7bb24b/ephem-4.2.1-cp313-cp313-musllinux_1_2_s390x.whl", hash = "sha256:61e38e2affe676fc9f9a8fbd4f575f05ca7db4f87a6e5fc589a09c14fe68850e" },
    { url = "https://mirrors.aliyun.com/pypi/packages/59/ff/fbcd7a7795741e5770c73b39dd1318215b357f6e8d503233ca3b3fb10437/ephem-4.2.1-cp313-cp313-musllinux_1_2_x86_64.whl", hash = "sha256:46427d35a2fbf4a95fcf6de9d36dc0a29e49b96a63654856285f0262c4082fc7" },
    { url = "https://mirrors.aliyun.com/pypi/packages/8f/c9/340dd18a288ecdf079ae15711a84d8fb82bad63dc7f1e985b88aeaeea81c/ephem-4.2.1-cp313-cp313-win32.whl", hash = "sha256:a075014299467d29598019fb11972a8f3f476d28962987231b24a234ea8764f2" },
    { url = "https://mirrors.aliyun.com/pypi/packages/57/70/323fd7145e7a9abb4878c1abb5822b9578db3fa4d8d952806941d7c7910d/ephem-4.2.1-cp313-cp313-win_amd64.whl", hash = "sha256:f22a797ab3658f5f1ae56dd32627e9ef4766aa3e9dbddc817cbb2741893a8a28" },
    { url = "https://mirrors.aliyun.com/pypi/packages/9d/42/0a94728aaf67b9bb7ee2f0f300380ebaea3362f188c1d9956c0d88ada6ec/ephem-4.2.1-cp314-cp314-macosx_10_15_x86_64.whl", hash = "sha256:6aa46747d0866afcaf64c25855546ecbeccb58456a93b368c963a8e18e414794" },
    { url = "https://mirrors.aliyun.com/pypi/packages/45/45/e3528adb5e496b4f2c6853313b4bb65f3ea665b41cd4553847ece39040f1/ephem-4.2.1-cp314-cp314-macosx_11_0_arm64.whl", hash = "sha256:8339dcc7187c99b169d3b0f650b9e1f1047f6d7687bda025acbdeb049ae3e9a2" },
    { url = "https://mirrors.aliyun.com/pypi/packages/1f/aa/e8b86b27357eafbbdc15ab315014c15651c9009d504d73b9e1fab7ac7062/ephem-4.2.1-cp314-cp314-manylinux2010_i686.manylinux_2_12_i686.manylinux_2_28_i686.whl", hash = "sha256:560a417a4252f4c77a8ebc325a081c684f24c2287f82579ee4eb62d382dcfa89" },
    { url = "https://mirrors.aliyun.com/pypi/packages/38/28/971ada8acdf52afafb1866cc474dba1cc3deb631f7092e7dc10faba88198/ephem-4.2.1-cp314-cp314-manylinux2014_aarch64.manylinux_2_17_aarch64.manylinux_2_28_aarch64.whl", hash = "sha256:9ce6b0b076b18e9b7a7a9ff5f37573455849079ec232eae0419c172304e7d2aa" },
    { url = "https://mirrors.aliyun.com/pypi/packages/c1/b3/75194b704da47e649a449d7797ce78f18b3147dfee761fa7dea83eb23fd9/ephem-4.2.1-cp314-cp314-manylinux2014_s390x.manylinux_2_17_s390x.manylinux_2_28_s390x.whl", hash = "sha256:ec91aa7735a10bfd8a4f79afb39567500483a1b5812a3ba675fb10abb5aa95d1" },
    { url = "https://mirrors.aliyun.com/pypi/packages/e0/c8/578499dc1383ddec58a79be525e54d47a23210c8147a65610ee7cf477406/ephem-4.2.1-cp314-cp314-manylinux2014_x86_64.manylinux_2_17_x86_64.manylinux_2_28_x86_64.whl", hash = "sha256:3610fd501549fe8e29417ecd9fecdbe19e1bc416bd76ee24e40ae81ce3049760" },
    { url = "https://mirrors.aliyun.com/pypi/packages/8c/21/c76b805d70df3e45cf4795ec19bdb91b0fe42d473b56ea8c80f7706af1f6/ephem-4.2.1-cp314-cp314-musllinux_1_2_aarch64.whl", hash = "sha256:27b8d6893cc47765ab55b2eb4f4bad97b8ffa844ff6b67b0dcad44e48d0b6e77" },
    { url = "https://mirrors.aliyun.com/pypi/packages/66/1e/79e7eb46c1bda35187a4cacc767f3d6707247a4afc759981c3c69ed6af6b/ephem-4.2.1-cp314-cp314-musllinux_1_2_i686.whl", hash = "sha256:e29c7aabcc32af070d99fd7a2268e7c854d7b68df3414133b5581eb9996939ce" },
    { url = "https://mirrors.aliyun.com/pypi/packages/61/ef/6ab516d889986a7c16731f9b7a89a9a689ca9a3196dc544d187f2f82f9da/ephem-4.2.1-cp314-cp314-musllinux_1_2_s390x.whl", hash = "sha256:b831567c5db7b101e9e647cfac38da458f48b4c66bee949cff11a875f260d153" },
    { url = "https://mirrors.aliyun.com/pypi/packages/4c/12/9c4d2014ddad6a9c4e3a7cc43ed9f9585d60a04475dc47b8822b78fbb3dd/ephem-4.2.1-cp314-cp314-musllinux_1_2_x86_64.whl", hash = "sha256:7359e573798357318738f628660946e4cee89f39e84940264e428504d541921b" },
    { url = "https://mirrors.aliyun.com/pypi/packages/47/b5/59b5554ba2f8a850a65e3beb52cf290b4616e2e94827261b3a3b826e1ac4/ephem-4.2.1-cp314-cp314-win32.whl", hash = "sha256:c0bc8c928b7ef10167b7a2f2f20c7ee079c3b988b9a3a943bda123949acef79f" },
    { url = "https://mirrors.aliyun.com/pypi/packages/ec/a1/a40f57eae2589933943369d0aa4de024fbba18f5689c06c5f012b59627de/ephem-4.2.1-cp314-cp314-win_amd64.whl", hash = "sha256:936d7a8745fbb18869e238d541f027cd7fc086e3fdfb826cb76fcfb4bed3e35a" },
    { url = "https://mirrors.aliyun.com/pypi/packages/84/bb/55932750261f35d84c944941dff761112eb9582b608b314fd8c4b87e89a9/ephem-4.2.1-cp314-cp314t-macosx_10_15_x86_64.whl", hash = "sha256:1e5806b5a633fb25480486d5419604e82a6932f9f9e6855f1e07da852b8de570" },
    { url = "https://mirrors.aliyun.com/pypi/packages/d1/8e/c6bbb724f1a51ec79dc9c167dfde27246095abecdf45057fc6de50822e94/ephem-4.2.1-cp314-cp314t-macosx_11_0_arm64.whl", hash = "sha256:5ad67a86ffeeda5173d88b04b9477b5ca3e78331acc168a084d18779452c0f7a" },
    { url = "https://mirrors.aliyun.com/pypi/packages/0c/2e/84b07818630298656dbae0c95c0e99b89ff98d6a87daf9819a5c5aee191b/ephem-4.2.1-cp314-cp314t-manylinux2010_i686.manylinux_2_12_i686.manylinux_2_28_i686.whl", hash = "sha256:2b8792e60114a07253160e81b63f28b3c021f4a5dfbee91a6db526965bdc039f" },
    { url = "https://mirrors.aliyun.com/pypi/packages/be/fc/357df051cdc848b482c823f18dc94632d40717c64fc0068d79b91cf12f75/ephem-4.2.1-cp314-cp314t-manylinux2014_aarch64.manylinux_2_17_aarch64.manylinux_2_28_aarch64.whl", hash = "sha256:7812f16600ecec6d7b21194a38948ea3a0c406332481375e735924a3f82f5e29" },
    { url = "https://mirrors.aliyun.com/pypi/packages/72/cc/4348e26e0ba41a5e5e6e4ecc1fca81ceaccc656c9ad3d4251c301bf34d78/ephem-4.2.1-cp314-cp314t-manylinux2014_s390x.manylinux_2_17_s390x.manylinux_2_28_s390x.whl", hash = "sha256:e020cb6976ff3badb303bc55026366fa3886280f15f6d4d46c52fa36356fe16b" },
    { url = "https://mirrors.aliyun.com/pypi/packages/a4/9c/77f0007679d0de12372db61d863bee604441b4827b27dbcbed07f48a815c/ephem-4.2.1-cp314-cp314t-manylinux2014_x86_64.manylinux_2_17_x86_64.manylinux_2_28_x86_64.whl", hash = "sha256:788e61fa779c54e6dd745f57adaeeff14eda2b8dd737ef578af6ac8415d31a48" },
    { url = "https://mirrors.aliyun.com/pypi/packages/68/6f/30751b504be2c55b9a2a77f678003f0e065554d1f2f75f3ec85162f2ccd0/ephem-4.2.1-cp314-cp314t-musllinux_1_2_aarch64.whl", hash = "sha256:e8c6598443375f119c9f7c586f3198c6ac60a38bac3fbc08781c55c8e102cbba" },
    { url = "https://mirrors.aliyun.com/pypi/packages/fa/79/49981b3ad843f2180a17ea6f89874ff5ec4d26b6d6fad754be4cbaf97d13/ephem-4.2.1-cp314-cp314t-musllinux_1_2_i686.whl", hash = "sha256:d62cea09046153052cc15c85938fadf7648a7c8b1133d729b76f20d4cabcfefc" },
    { url = "https://mirrors.aliyun.com/pypi/packages/16/c9/235acf25dfa74e041a4d95b3fbe6835ddd152d6479ebb762da31818bee09/ephem-4.2.1-cp314-cp314t-musllinux_1_2_s390x.whl", hash = "sha256:bfdcc68b2a5ac84305d792ca8ffac23bed0b5be21edbf45b33dd00423f7a6fdb" },
    { url = "https://mirrors.aliyun.com/pypi/packages/0e/70/429ee91d941b4969571fca658f3350eb5e217f04e4aa9bc295b77613ec3b/ephem-4.2.1-cp314-cp314t-musllinux_1_2_x86_64.whl", hash = "sha256:15bc51d5c926b65ec15742042de79f6181a979809a6f9da1bd8d6abfb23415b7" },
    { url = "https://mirrors.aliyun.com/pypi/packages/9b/92/cc35c78c00894e64d312960507ee84c9fa76919ffca28a7f92ffa59bda20/ephem-4.2.1-cp314-cp314t-win32.whl", hash = "sha256:ce86665355d88e4e7ccc3b9e9c74905a2c6ad51c27433e5c98371a7ea38ad502" },
    { url = "https://mirrors.aliyun.com/pypi/packages/da/c8/b0f1788a6a87a0a18e799b73486329f33f0ae4c152d62bca46476e76fc35/ephem-4.2.1-cp314-cp314t-win_amd64.whl", hash = "sha256:c4e6e15dc6ccc22504e27aea58a06f8308fd7eb007947d16dfcea6a3aec28b4d" },
]

[[package]]
name = "mando"
version = "0.7.1"
source = { registry = "https://mirrors.aliyun.com/pypi/simple" }
dependencies = [
    { name = "six" },
]
sdist = { url = "https://mirrors.aliyun.com/pypi/packages/35/24/cd70d5ae6d35962be752feccb7dca80b5e0c2d450e995b16abd6275f3296/mando-0.7.1.tar.gz", hash = "sha256:18baa999b4b613faefb00eac4efadcf14f510b59b924b66e08289aa1de8c3500" }
wheels = [
    { url = "https://mirrors.aliyun.com/pypi/packages/d2/f0/834e479e47e499b6478e807fb57b31cc2db696c4db30557bb6f5aea4a90b/mando-0.7.1-py2.py3-none-any.whl", hash = "sha256:26ef1d70928b6057ee3ca12583d73c63e05c49de8972d620c278a7b206581a8a" },
]

[[package]]
name = "pillow"
version = "12.3.0"
source = { registry = "https://mirrors.aliyun.com/pypi/simple" }
sdist = { url = "https://mirrors.aliyun.com/pypi/packages/1c/3d/bb7fca845737cf9d7dbde16ed1843984665ff2e0a518f5db43e77ec540b9/pillow-12.3.0.tar.gz", hash = "sha256:3b8182a766685eaa002637e28b4ec8d6b18819a0c71f579bf0dbaa5830297cce" }
wheels = [
    { url = "https://mirrors.aliyun.com/pypi/packages/9d/ac/31fb64e1e7efb5a4b50cd3d92049ba89ac6e4d8d3bb6a74e15048ca3353e/pillow-12.3.0-cp313-cp313-ios_13_0_arm64_iphoneos.whl", hash = "sha256:21900ce7ba264168cd50defae43cd75d25c833ad4ad6e73ffc5596d12e25ac89" },
    { url = "https://mirrors.aliyun.com/pypi/packages/87/b4/9805e23d2b4d77842b468513841fda254ee42f0289d25088340e4ff46e2d/pillow-12.3.0-cp313-cp313-ios_13_0_arm64_iphonesimulator.whl", hash = "sha256:4e8c2a84d977f50b9daed6eeaf3baef67d00d5d74d932288f02cb94518ee3ace" },
    { url = "https://mirrors.aliyun.com/pypi/packages/df/39/ecf519435a200c693fe053a6ee4d835b41cf963a4dfc2551c4e637cb2a71/pillow-12.3.0-cp313-cp313-ios_13_0_x86_64_iphonesimulator.whl", hash = "sha256:ae26d61dfa7a47befdc7572b521024e8745f3d809bd95ca9505a7bba9ef849ec" },
    { url = "https://mirrors.aliyun.com/pypi/packages/42/92/2fc3ffad878ae8dd5469ec1bc8eb83b71f48e13efdf68f02709003982a32/pillow-12.3.0-cp313-cp313-macosx_10_13_x86_64.whl", hash = "sha256:7a743ff716f746fc19a9557f60dab1600d4613255f8a7aeb3cdde4db7eb15a66" },
    { url = "https://mirrors.aliyun.com/pypi/packages/10/76/8803c13605b763d33d156c4678fc77f8443389c0c51c8aef707bb02015f4/pillow-12.3.0-cp313-cp313-macosx_11_0_arm64.whl", hash = "sha256:d69141514cc30b774ceea5e3ed3a6635c8d8a96edf664689b890f4089111fb35" },
    { url = "https://mirrors.aliyun.com/pypi/packages/1f/01/e18aff37cb0b4aac47ac90f016d347a49aca667ef97f190b06ac2aabc928/pillow-12.3.0-cp313-cp313-manylinux_2_27_aarch64.manylinux_2_28_aarch64.whl", hash = "sha256:f7401aebd7f581d7f83a439d87d474999317ee099218e5ad25d125290990ba65" },
    { url = "https://mirrors.aliyun.com/pypi/packages/f7/62/de5bdd77d935331f4f802edc11e4d82950f642caad6cb2f949837b8560e2/pillow-12.3.0-cp313-cp313-manylinux_2_27_x86_64.manylinux_2_28_x86_64.whl", hash = "sha256:0847a763afefb695bc912d7c131e7e0632d4edc1d8698f58ddabec8e46b8b6d3" },
    { url = "https://mirrors.aliyun.com/pypi/packages/70/4d/105627a13300c5e0df1d174230b32fd1273062c96f7745fd552b945d1e1d/pillow-12.3.0-cp313-cp313-musllinux_1_2_aarch64.whl", hash = "sha256:571b9fcb07b97ef3a492028fb3d2dc0993ca23a06138b0315286566d29ef718a" },
    { url = "https://mirrors.aliyun.com/pypi/packages/6b/1d/f13de01a553988ab895ba1c722e06cf3144d4f57656fd5b81b6d881f1179/pillow-12.3.0-cp313-cp313-musllinux_1_2_x86_64.whl", hash = "sha256:756c768d0c9c2955feb7a56c37ea24aea2e369f8d36a88da270b6a9f19e62b5e" },
    { url = "https://mirrors.aliyun.com/pypi/packages/c9/f9/066794cca041b969964f779ee5fa66a9498bbf34248ac39c5d7954e4198f/pillow-12.3.0-cp313-cp313-win32.whl", hash = "sha256:a876864214e136f0eb367788dbd7df045f4806801518e2cfe9e13229cfe06d8f" },
    { url = "https://mirrors.aliyun.com/pypi/packages/a6/9b/7a58e61d62be561da3a356fe2384d4059a6345fc130e23ef1c36a5b81d24/pillow-12.3.0-cp313-cp313-win_amd64.whl", hash = "sha256:1cca606cd25738df4ed873d5ad46bbdb3d83b5cbca291f6b4ff13a4df6b0bbe8" },
    { url = "https://mirrors.aliyun.com/pypi/packages/aa/b0/c4ed4f0ef8f8fa5ee8351537db6650bb8189f7e118842978dd6589065692/pillow-12.3.0-cp313-cp313-win_arm64.whl", hash = "sha256:b629de27fda84b42cde7edef0d85f13b958b47f6e9bbcbba9b673c562a89bd8b" },
    { url = "https://mirrors.aliyun.com/pypi/packages/dc/01/001f65b68192f0228cc1dbbc8d2530ab5d58b61037ba0587f946fea607cd/pillow-12.3.0-cp314-cp314-ios_13_0_arm64_iphoneos.whl", hash = "sha256:9cf95fe4d0f84c82d282745d9bb08ad9f926efa00be4697e767b814ce40d4330" },
    { url = "https://mirrors.aliyun.com/pypi/packages/1a/d2/0219746d0fd16fc8a84498e79452375be3797d3ce4044596ce565164b84f/pillow-12.3.0-cp314-cp314-ios_13_0_arm64_iphonesimulator.whl", hash = "sha256:8728f216dcdb6e6d555cf971cb34076139ad74b31fc2c14da4fafc741c5f6217" },
    { url = "https://mirrors.aliyun.com/pypi/packages/c8/02/8d0bc62ef0302318c46ff2a512822d2610e81c7aa46c9b3abe6cbaca5ad0/pillow-12.3.0-cp314-cp314-ios_13_0_x86_64_iphonesimulator.whl", hash = "sha256:a45650e8ce7fafffd731db8550230db6b0d306d181a90b67d3e6bca2f1990930" },
    { url = "https://mirrors.aliyun.com/pypi/packages/85/e2/73c77d218410b14f5f2d565e8a998d5317b7b9c75368d29985139f7a46f0/pillow-12.3.0-cp314-cp314-macosx_10_15_x86_64.whl", hash = "sha256:ba54cfebe86920a559a7c4d6b9050791c20513650a1952ebe3368c7dc70306f8" },
    { url = "https://mirrors.aliyun.com/pypi/packages/c7/da/32c752228ae345f489e3a42499d817b6c3996da7e8a3bc7a04fc806b243b/pillow-12.3.0-cp314-cp314-macosx_11_0_arm64.whl", hash = "sha256:e158cb00350dc278f3b91551101aa7d12415a66ebf2c91d8d5ac14e56ddd3ad0" },
    { url = "https://mirrors.aliyun.com/pypi/packages/b1/9d/8b2c807dbef61a5197c047afe99823787eb66f63daf9fb2432f91d6f0462/pillow-12.3.0-cp314-cp314-manylinux_2_27_aarch64.manylinux_2_28_aarch64.whl", hash = "sha256:e9aeb04d6aef139de265b29683e119b638208f88cf73cdd1658aa07221165321" },
    { url = "https://mirrors.aliyun.com/pypi/packages/5c/44/c85361f65dbe00eea8576ee467c768d25129989efb76e94f205e9ca9bb46/pillow-12.3.0-cp314-cp314-manylinux_2_27_x86_64.manylinux_2_28_x86_64.whl", hash = "sha256:251bf95b67017e27b13d82f5b326234ca62d70f9cf4c2b9032de2358a3b12c7b" },
    { url = "https://mirrors.aliyun.com/pypi/packages/18/7e/e483414b35800b86b6f08dbbc7803fb5cd52c4d6f897f47d53ea2c7e6f65/pillow-12.3.0-cp314-cp314-musllinux_1_2_aarch64.whl", hash = "sha256:fe3cca2e4e8a592be0f269a1ca4835c25199d9f3ce815c8491048f785b0a0198" },
    { url = "https://mirrors.aliyun.com/pypi/packages/f0/f4/68c491844841ede6bed70189546b3ee9731cf9f2cbad396faff5e1ccba45/pillow-12.3.0-cp314-cp314-musllinux_1_2_x86_64.whl", hash = "sha256:23aceaa007d6172b02c277f0cd359c79492bbb14f7072b4ede9fbcaf20648130" },
    { url = "https://mirrors.aliyun.com/pypi/packages/a3/34/77f3f793fed8efc7d243f21b33c5a3f0d1c97ee70346d3db855587e155ff/pillow-12.3.0-cp314-cp314-win32.whl", hash = "sha256:af8d94b0db561cf68b88a267c5c44b49e134f525d0dc2cb7ed413a66bc23559a" },
    { url = "https://mirrors.aliyun.com/pypi/packages/f1/e0/492879f69d94f91f60fc8cd05ba03650e9520afebb2fb7aa12777d7c7f38/pillow-12.3.0-cp314-cp314-win_amd64.whl", hash = "sha256:fdafc9cce40277e0f7a0feabce0ee50dd2fa1800f3b38015e51296b5e814048d" },
    { url = "https://mirrors.aliyun.com/pypi/packages/c9/ac/6b11f2875f1c2ac040d84e1bbf9cf22a88038f901ca1037898b280b38365/pillow-12.3.0-cp314-cp314-win_arm64.whl", hash = "sha256:e91206ee562682b51b98ef4b26a6ef48fd84e15fd4c4bc5ec768eb641d206838" },
    { url = "https://mirrors.aliyun.com/pypi/packages/52/69/c2208e56af9bfc1913afb24020297a691eb1d4ef688474c8a04913f65e04/pillow-12.3.0-cp314-cp314t-macosx_10_15_x86_64.whl", hash = "sha256:164b31cd1a0490ab6efae01aa5df49da7061be0af1b30e035b6e9a1bfe34ee6e" },
    { url = "https://mirrors.aliyun.com/pypi/packages/07/70/e5686d753e898a45d778ff1718dba8516ead6ab6b95d85fc8c4b70650cf2/pillow-12.3.0-cp314-cp314t-macosx_11_0_arm64.whl", hash = "sha256:5afb51d599ea772b8365ae807ae557f18bccfe46ab261fd1c2a9ed700fc6eb17" },
    { url = "https://mirrors.aliyun.com/pypi/packages/d5/37/25c6692f06927ee973ff18c8d9ee98ad0b4d84ee67a09610c2dd1447958e/pillow-12.3.0-cp314-cp314t-manylinux_2_27_aarch64.manylinux_2_28_aarch64.whl", hash = "sha256:3edce1d53195db527e0191f84b71d02022de0540bf43a16ed734ed7537b07385" },
    { url = "https://mirrors.aliyun.com/pypi/packages/cc/91/420637fcb8f1bc11029e403b4538e6694744428d8246118e45719f944556/pillow-12.3.0-cp314-cp314t-manylinux_2_27_x86_64.manylinux_2_28_x86_64.whl", hash = "sha256:bf16ba1b4d0b6b7c8e534936632270cf70eb00dbe09005bc345b2677b726855c" },
    { url = "https://mirrors.aliyun.com/pypi/packages/10/08/b94d7811281ccf0d143a1cf768d1c49e1e54af63e7b708ab2ee3eb87face/pillow-12.3.0-cp314-cp314t-musllinux_1_2_aarch64.whl", hash = "sha256:24870b09b224f7ae3c39ed07d10e819d06f8720bc551847b1d623832b5b0e28d" },
    { url = "https://mirrors.aliyun.com/pypi/packages/d2/87/24233f785f55474dc02ce3e739c5528a77e3a862e9333d1dd7a25cc31f70/pillow-12.3.0-cp314-cp314t-musllinux_1_2_x86_64.whl", hash = "sha256:30f2aa603c41533cc25c05acd0da21636e84a315768feb631c937177db558931" },
    { url = "https://mirrors.aliyun.com/pypi/packages/23/26/fcb2f6e37175b04f53570b59937867e2b80ee1685e744023153028fc14f9/pillow-12.3.0-cp314-cp314t-win32.whl", hash = "sha256:4b0a7fe987b14c31ebda6083f74f22b561fd3739bc0ac51e019622e3d72668c7" },
    { url = "https://mirrors.aliyun.com/pypi/packages/90/de/3634abee5f1c9e13c56787b7d5517b0ba8d6de51700b95578cf338349c9f/pillow-12.3.0-cp314-cp314t-win_amd64.whl", hash = "sha256:962864dc93511324d51ddbb5b9f8731bf71675b93ca612a07441896f4688fb8c" },
    { url = "https://mirrors.aliyun.com/pypi/packages/ce/2a/fd13f8eb24de5714a6eb444a3d67e2842c6c576e159a43793adf23051351/pillow-12.3.0-cp314-cp314t-win_arm64.whl", hash = "sha256:0740a512dc522224c77d9aa5a8d70d8b7d73fb91f2c21125d8d025d3b8990e45" },
    { url = "https://mirrors.aliyun.com/pypi/packages/5d/dc/8fdce34ec725a33c81c6ba122b904d6b9024e50ea9ac7bede62fab54506c/pillow-12.3.0-cp315-cp315-ios_13_0_arm64_iphoneos.whl", hash = "sha256:0feb2e9d6ad6c9e3c06effe9d00f3f1e618a6643273576b016f591e9315a7139" },
    { url = "https://mirrors.aliyun.com/pypi/packages/76/66/2044b9a63d3b84ff048228dfcb7cd9bf0df983e8470971bf7d4c57b693de/pillow-12.3.0-cp315-cp315-ios_13_0_arm64_iphonesimulator.whl", hash = "sha256:9e881fca225083806662a5c43d627d215f258ff43c890f831966c7d7ba9c7402" },
    { url = "https://mirrors.aliyun.com/pypi/packages/52/7e/1f67e6f4ece6b582ee4b539decbcc9f848dc245a93ed8cd7338bafef72f1/pillow-12.3.0-cp315-cp315-ios_13_0_x86_64_iphonesimulator.whl", hash = "sha256:4998562bf62a445225f22e07c896bb04b35b1b1f2eb6d760584c9c51d7a5f78c" },
    { url = "https://mirrors.aliyun.com/pypi/packages/12/40/d306fc2c8e4d45d7f175c77edca7063be7b86fe7fe6e68f4353bf71d808c/pillow-12.3.0-cp315-cp315-macosx_10_15_x86_64.whl", hash = "sha256:dc624f6bc473dacdf7ef7eb8678d0d08edf15cd94fad6ae5c7d6cc67a4e4902f" },
    { url = "https://mirrors.aliyun.com/pypi/packages/dd/44/668fb1437e8ce420f62d6106eb66e44a5971602a4d794615bdf79315d82d/pillow-12.3.0-cp315-cp315-macosx_11_0_arm64.whl", hash = "sha256:71d6097b330eea8fd15097780c8e89cb1a8ce7838669f48c5bacd6f663dd4701" },
    { url = "https://mirrors.aliyun.com/pypi/packages/0c/08/93fa2e70e30a2d81547e481b6ee2bb9522117221fb1e0ce4b5df70967677/pillow-12.3.0-cp315-cp315-manylinux_2_27_aarch64.manylinux_2_28_aarch64.whl", hash = "sha256:28ce87c5ab450a9dd970b52e5aca5fe63ed432d18a2eaddd1979a00a1ba24ace" },
    { url = "https://mirrors.aliyun.com/pypi/packages/f8/6d/043e96ff814fc31a33077e4cba86082167db520c93632afdf2042febbb0c/pillow-12.3.0-cp315-cp315-manylinux_2_27_x86_64.manylinux_2_28_x86_64.whl", hash = "sha256:6b02afb9b97f65fbca5f31db6a2a3ba21aa93030225f150fa3f249717e938fb4" },
    { url = "https://mirrors.aliyun.com/pypi/packages/af/92/ba71d2ee2ac0edf3fa33bd9d5ee9ee080da70b1766f3ca3934f9938ddac9/pillow-12.3.0-cp315-cp315-musllinux_1_2_aarch64.whl", hash = "sha256:1182d52bc2d5e5d7d0949503aa7e36d12f42205dc287e4883f407b1988820d39" },
    { url = "https://mirrors.aliyun.com/pypi/packages/0f/ce/e63064e2122923ff687c8ad792d0d736a7b3920a56a46982e81a7fdd25d6/pillow-12.3.0-cp315-cp315-musllinux_1_2_x86_64.whl", hash = "sha256:e795b7eb908249c4e43c7c99fac7c2c75dab0c43566e37db472a355f63693d71" },
    { url = "https://mirrors.aliyun.com/pypi/packages/54/76/a09cc3ccc8d773a7283d34c38bec1708f9e3cc932093cbc4c5e71ac4060b/pillow-12.3.0-cp315-cp315-win32.whl", hash = "sha256:57b3d78c95ba9059768b10e28b813002261d3f3dfc55cc48b0c988f625175827" },
    { url = "https://mirrors.aliyun.com/pypi/packages/3e/03/1846c49ba3b1d5550392a4bbd06d6fb4578e1cd91a803198b5c90f5f7d53/pillow-12.3.0-cp315-cp315-win_amd64.whl", hash = "sha256:fa4ecea169a355be7a3ade2c783e2ed12f0e40d2c5621cda8b3297faf7fbb9f5" },
    { url = "https://mirrors.aliyun.com/pypi/packages/fb/bb/89f35dcc79610423f9f195504d7def7f0d1416a711541b42867e25fe3412/pillow-12.3.0-cp315-cp315-win_arm64.whl", hash = "sha256:877c3f311ff35410f690861c4409e7ccbf0cd2f878e50628a28e5a0bb689e658" },
    { url = "https://mirrors.aliyun.com/pypi/packages/30/88/707027ba09942dfa2c28759b5c222d769290a41c6d20ea60ec250801941f/pillow-12.3.0-cp315-cp315t-macosx_10_15_x86_64.whl", hash = "sha256:e9871b1ffbfa9656b60aeee92ed5136a5742696006fa322b29ea3d8da0ecc9cf" },
    { url = "https://mirrors.aliyun.com/pypi/packages/b0/6d/00352fa25332c2569cd387851f568cc5a4b75a9adbfb37ac4fbce4c02eec/pillow-12.3.0-cp315-cp315t-macosx_11_0_arm64.whl", hash = "sha256:53aa02d20d10c3d814d536aa4e5ac9b84ca0ff5a88377963b085ad6822f93e64" },
    { url = "https://mirrors.aliyun.com/pypi/packages/13/4f/9e049dfa21af7c22427275720e2490267ba8138120add5c4c574deb69782/pillow-12.3.0-cp315-cp315t-manylinux_2_27_aarch64.manylinux_2_28_aarch64.whl", hash = "sha256:446c34dcc4324b084a53b705127dc15717b22c5e140ae0a3c38349d4efec071e" },
    { url = "https://mirrors.aliyun.com/pypi/packages/36/16/cf6eeaae8d0fce8dd390a33437cf68c5d5bd73834a2bc6e2f14efda0ab45/pillow-12.3.0-cp315-cp315t-manylinux_2_27_x86_64.manylinux_2_28_x86_64.whl", hash = "sha256:cf1845d02ad822a369a49f2bb9345b1614744267682e7a03527dc3bf6eea1777" },
    { url = "https://mirrors.aliyun.com/pypi/packages/1e/69/dbf769bdd55f48bf5733cac28edc6364ffaa072ec9ba336266e4fe66be55/pillow-12.3.0-cp315-cp315t-musllinux_1_2_aarch64.whl", hash = "sha256:186941b6aef820ad110fb01fb06eb925374dc3a21b17e37ec9a53b250c6fe2d1" },
    { url = "https://mirrors.aliyun.com/pypi/packages/a0/e1/ffc9cfc2eea0d178da8018e18e959301ad9d6bc9f3edb7181e748a474b97/pillow-12.3.0-cp315-cp315t-musllinux_1_2_x86_64.whl", hash = "sha256:f13c32a3abd6079a66d9526e18dad9b6d280384d49d7c54040cd57b6424041d9" },
    { url = "https://mirrors.aliyun.com/pypi/packages/18/f0/a5595c1e8c3ae44b9828cb2f0fa8155e5095ef04d6327b8f61cf44a3df85/pillow-12.3.0-cp315-cp315t-win32.whl", hash = "sha256:1657923d2d45afb66526e5b933e5b3052e6bdea196c90d3abb2424e18c77dae8" },
    { url = "https://mirrors.aliyun.com/pypi/packages/e4/04/62bcd9f844984c5938d3b05264a61d797a29d3e0812341a8204af70bbdee/pillow-12.3.0-cp315-cp315t-win_amd64.whl", hash = "sha256:8cd2f7bdda092d99c9fc2fb7391354f306d01443d22785d0cbfafa2e2c8bb418" },
    { url = "https://mirrors.aliyun.com/pypi/packages/3d/68/1f3066acedf37673694a7141381d8f811ae97f30d34413d236abe7d489f1/pillow-12.3.0-cp315-cp315t-win_arm64.whl", hash = "sha256:06ff022112bc9cbf83b60f8e028d94ad87b60621706487e65f673de61610ab59" },
]

[[package]]
name = "radon"
version = "6.0.1"
source = { registry = "https://mirrors.aliyun.com/pypi/simple" }
dependencies = [
    { name = "colorama" },
    { name = "mando" },
]
sdist = { url = "https://mirrors.aliyun.com/pypi/packages/b1/6d/98e61600febf6bd929cf04154537c39dc577ce414bafbfc24a286c4fa76d/radon-6.0.1.tar.gz", hash = "sha256:d1ac0053943a893878940fedc8b19ace70386fc9c9bf0a09229a44125ebf45b5" }
wheels = [
    { url = "https://mirrors.aliyun.com/pypi/packages/93/f7/d00d9b4a0313a6be3a3e0818e6375e15da6d7076f4ae47d1324e7ca986a1/radon-6.0.1-py2.py3-none-any.whl", hash = "sha256:632cc032364a6f8bb1010a2f6a12d0f14bc7e5ede76585ef29dc0cecf4cd8859" },
]

[[package]]
name = "ruff"
version = "0.15.20"
source = { registry = "https://mirrors.aliyun.com/pypi/simple" }
sdist = { url = "https://mirrors.aliyun.com/pypi/packages/43/dc/35b341fc554ba02f217fc10da57d1a75168cfbcf75b0ef2202176d4c4f2d/ruff-0.15.20.tar.gz", hash = "sha256:1416eb04349192646b54de98f146c4f59afe37d0decfc02c3cbbf396f3a28566" }
wheels = [
    { url = "https://mirrors.aliyun.com/pypi/packages/94/d9/2d5014f0253ba541d2061d9fa7193f48e941c8b21bb88a7ff9bbe0bd0596/ruff-0.15.20-py3-none-linux_armv6l.whl", hash = "sha256:00e188c53e499c3c1637f73c91dcf2fb56d576cab76ce1be50a27c4e80e37078" },
    { url = "https://mirrors.aliyun.com/pypi/packages/c6/d3/ac1798ba64f670698867fcfc591d50e7e421bef137db564858f619a30fcf/ruff-0.15.20-py3-none-macosx_10_12_x86_64.whl", hash = "sha256:9ebd1fd9b9c95fc0bd7b2761aebec1f030013d2e193a2901b224af68fe47251b" },
    { url = "https://mirrors.aliyun.com/pypi/packages/47/47/d3ac899991202095dfcf3d5176be4272642be3cf981a2f1a30f72a2afb95/ruff-0.15.20-py3-none-macosx_11_0_arm64.whl", hash = "sha256:c5b16cdd67ca108185cd36dce98c576350c03b1660a751de725fb049193a0632" },
    { url = "https://mirrors.aliyun.com/pypi/packages/33/13/4e043fe30aa94d4ff5213a9881fc296d12960f5971b234a5263fdc225312/ruff-0.15.20-py3-none-manylinux_2_17_aarch64.manylinux2014_aarch64.whl", hash = "sha256:3413bb3c3d2ca6a8208f1f4809cd2dca3c6de6d0b491c0e70847672bde6e6efd" },
    { url = "https://mirrors.aliyun.com/pypi/packages/76/e6/92e7bf40388bc5800073b96564f56264f7e48bfd1a498f5ced6ae6d5a769/ruff-0.15.20-py3-none-manylinux_2_17_armv7l.manylinux2014_armv7l.whl", hash = "sha256:bd7ec42b3bb3da066488db093308a69c4ac5ee6d2af333a86ba6e2eb2e7dd44b" },
    { url = "https://mirrors.aliyun.com/pypi/packages/13/7a/43460be3f24495a3aa46d4b16873e2c4941b3b5f0b00cf88c03b7b94b339/ruff-0.15.20-py3-none-manylinux_2_17_i686.manylinux2014_i686.whl", hash = "sha256:e1a36ad0eb77fba9aabfb69ede54de6f376d04ac18ebea022847046d340a8267" },
    { url = "https://mirrors.aliyun.com/pypi/packages/27/a0/f37077884873221c6b33b4ab49eb18f9f88e54a16a25a5bca59bef46dd66/ruff-0.15.20-py3-none-manylinux_2_17_ppc64le.manylinux2014_ppc64le.whl", hash = "sha256:b6df3b1e4610432f0386dba04d853b5f08cbbc903410c6fcc02f620f05aff53c" },
    { url = "https://mirrors.aliyun.com/pypi/packages/a6/74/165545b60256a9704c21ac0ec4a0d07933b320812f9584836c9f4aca4292/ruff-0.15.20-py3-none-manylinux_2_17_s390x.manylinux2014_s390x.whl", hash = "sha256:e89f198a1ea6ef0d727c1cf16088bc91a6cb0ab947dedc966715691647186eae" },
    { url = "https://mirrors.aliyun.com/pypi/packages/86/b1/a976a136d40ade83ce743578399865f57001003a409acadc0ecbb3051082/ruff-0.15.20-py3-none-manylinux_2_17_x86_64.manylinux2014_x86_64.whl", hash = "sha256:309809086c2acb67624950a3c8133e80f32d0d3e27106c0cd60ff26657c9f24b" },
    { url = "https://mirrors.aliyun.com/pypi/packages/19/0f/f032696cb01c9b54c0263fa393474d7758f1cdc021a01b04e3cbc2500999/ruff-0.15.20-py3-none-manylinux_2_31_riscv64.whl", hash = "sha256:2d2374caa2f2c2f9e2b7da0a50802cfb8b79f55a9b5e49379f564544fbf56487" },
    { url = "https://mirrors.aliyun.com/pypi/packages/4b/f4/51b1a14bc69e8c224b15dab9cce8e99b425e0455d462caa2b3c9be2b6a8e/ruff-0.15.20-py3-none-musllinux_1_2_aarch64.whl", hash = "sha256:a1ed17b65293e0c2f22fc387bc13198a5de94bf4429589b0ff6946b0feaf21a3" },
    { url = "https://mirrors.aliyun.com/pypi/packages/71/4b/fe267640783cd02bf6c5cc290b1df1051be2ec294c678b5c15fe19e52343/ruff-0.15.20-py3-none-musllinux_1_2_armv7l.whl", hash = "sha256:f701305e66b38ea6c91882490eb73459796808e4c6362a1b765255e0cdcd4053" },
    { url = "https://mirrors.aliyun.com/pypi/packages/b0/c0/a65aa4ec2f5e87a1df32dc3ec1fede434fe3dfd5cbcf3b503cafc676ab54/ruff-0.15.20-py3-none-musllinux_1_2_i686.whl", hash = "sha256:5b9c0c367ad8e5d0d5b5b8537864c469a0a0e55417aadfbeca41fa61333be9f4" },
    { url = "https://mirrors.aliyun.com/pypi/packages/5a/a4/0caa331d954ae2723d729d351c989cb4ca8b6077d5c6c2cb6de75e98c041/ruff-0.15.20-py3-none-musllinux_1_2_x86_64.whl", hash = "sha256:01cc00dd58f0df339d0e902219dd53990ea99996a0344e5d9cc8d45d5307e460" },
    { url = "https://mirrors.aliyun.com/pypi/packages/10/9b/5f14927848d2fd4aa891fd88d883788c5a7baba561c7874732364045708c/ruff-0.15.20-py3-none-win32.whl", hash = "sha256:ed65ef510e43a137207e0f01cfcf998aeddb1aeeda5c9d35023e910284d7cf21" },
    { url = "https://mirrors.aliyun.com/pypi/packages/fa/f0/fe47c501f9dea92a26d788ff98bb5d92ed4cb4c88792c5c88af6b697dc8e/ruff-0.15.20-py3-none-win_amd64.whl", hash = "sha256:a525c81c70fb0380344dd1d8745d8cc1c890b7fc94a58d5a07bd8eb9557b8415" },
    { url = "https://mirrors.aliyun.com/pypi/packages/d7/2b/9555445e1201d92b3195f45cdb153a0b68f24e0a4273f6e3d5ab46e212bb/ruff-0.15.20-py3-none-win_arm64.whl", hash = "sha256:2f5b2a6d614e8700388806a14996c40fab2c47b819ef57d790a34878858ed9ca" },
]

[[package]]
name = "six"
version = "1.17.0"
source = { registry = "https://mirrors.aliyun.com/pypi/simple" }
sdist = { url = "https://mirrors.aliyun.com/pypi/packages/94/e7/b2c673351809dca68a0e064b6af791aa332cf192da575fd474ed7d6f16a2/six-1.17.0.tar.gz", hash = "sha256:ff70335d468e7eb6ec65b95b99d3a2836546063f63acc5171de367e834932a81" }
wheels = [
    { url = "https://mirrors.aliyun.com/pypi/packages/b7/ce/149a00dd41f10bc29e5921b496af8b574d8413afcd5e30dfa0ed46c2cc5e/six-1.17.0-py2.py3-none-any.whl", hash = "sha256:4721f391ed90541fddacab5acf947aa0d3dc7d27b2e1e8eda2be8970586c3274" },
]

[[package]]
name = "ty"
version = "0.0.55"
source = { registry = "https://mirrors.aliyun.com/pypi/simple" }
sdist = { url = "https://mirrors.aliyun.com/pypi/packages/08/48/f687c8d268e3581f2f104d1f2ac5944d5b5e841b3695c613b3f263e5bbf7/ty-0.0.55.tar.gz", hash = "sha256:88ca87073825a79a8327c550efcc86cec94344890244c5946f84c9e44a969f31" }
wheels = [
    { url = "https://mirrors.aliyun.com/pypi/packages/87/a3/1a90ba7e5a61c6d09adb92346ddba97668095fc257b577af433e5ac4f404/ty-0.0.55-py3-none-linux_armv6l.whl", hash = "sha256:31e83eef512d066542fe990fe1a3b814423abd1616376c54e48af7045b3e1749" },
    { url = "https://mirrors.aliyun.com/pypi/packages/82/3a/669f9aa478c38243e213a2684db1502086026cfadc15bb1b29b7cbde030d/ty-0.0.55-py3-none-macosx_10_12_x86_64.whl", hash = "sha256:ab4bca857950608fea73e269e2da369d43e6467131de85160d68e2fa466fa248" },
    { url = "https://mirrors.aliyun.com/pypi/packages/15/a4/6a4b2507a53ce6530c66c5b4fe0d58551eb1748ffa9e0696c32fdd55bbd4/ty-0.0.55-py3-none-macosx_11_0_arm64.whl", hash = "sha256:55032bfd31bf2c5355ee81bdc6407b144a1cc7ee41e5681dd1368e4cef2ba327" },
    { url = "https://mirrors.aliyun.com/pypi/packages/ce/ae/a3b1a0f1cc83b7d258662cb98aa80a720c2e671d0e8fa0d17a4d5d057a7a/ty-0.0.55-py3-none-manylinux_2_17_aarch64.manylinux2014_aarch64.whl", hash = "sha256:ef1e049f69ce65b3c269af67624607f435e1c32319786c1e453ef9611502f295" },
    { url = "https://mirrors.aliyun.com/pypi/packages/0d/9f/311ce39065a979ef40a9b847f685c8e02464e53adf1671e081eea90640ca/ty-0.0.55-py3-none-manylinux_2_17_armv7l.manylinux2014_armv7l.whl", hash = "sha256:631409975c681d5a280fc5a99b7b32e9e801f33be7567c6b42ec331362f59d7d" },
    { url = "https://mirrors.aliyun.com/pypi/packages/cd/8f/3bf29aa77bd78aae48275153135a2052fa7d3ccdf1ecabeb99c8773abd66/ty-0.0.55-py3-none-manylinux_2_17_i686.manylinux2014_i686.whl", hash = "sha256:e08cb0436e68b9351555ae8f2697138c9009b4d5b4ae4272232988b2a431a98f" },
    { url = "https://mirrors.aliyun.com/pypi/packages/bc/6e/e88411a88240b94640bba06fb6d0d92b247fbeef47ee2bc71f39e58c2558/ty-0.0.55-py3-none-manylinux_2_17_ppc64le.manylinux2014_ppc64le.whl", hash = "sha256:16c215ad9f823829409b94ee188cfaa4563f6e1384f6ce3fecb1db75f6c7cf7c" },
    { url = "https://mirrors.aliyun.com/pypi/packages/6c/7e/8f1762fb7f9245a68ba5ae338d73c59403ce57554e5d311b8bb55027b0ec/ty-0.0.55-py3-none-manylinux_2_17_s390x.manylinux2014_s390x.whl", hash = "sha256:b510eb8f4032baf11b7aee2f1d53babc3b4ca03939b9cdcf6a9d15761d575188" },
    { url = "https://mirrors.aliyun.com/pypi/packages/72/1f/143657daf2670d977dac83435f1fe03d4843efb798d8e1e75950e541aadd/ty-0.0.55-py3-none-manylinux_2_17_x86_64.manylinux2014_x86_64.whl", hash = "sha256:0ddc05e7959709c3b9b83aa627128a80446865e3c1a4882638dcff6d776dc34a" },
    { url = "https://mirrors.aliyun.com/pypi/packages/6d/30/69487c439dd1fad3a4a3d96f0a472193de297eaba6fc4b8ea687ce434ac2/ty-0.0.55-py3-none-manylinux_2_31_riscv64.whl", hash = "sha256:636e8e5078787b8c6916c94e1406719f10189a4ca6b37b813a5922ce5857a8c7" },
    { url = "https://mirrors.aliyun.com/pypi/packages/e8/ca/cd88b6493dafc7db077f5e17c0438eb3af6e2d6d08f616dbb52a8ddfd567/ty-0.0.55-py3-none-musllinux_1_2_aarch64.whl", hash = "sha256:ef7d6deaacb73fec603666b5471f1dc5a5699aa84e11a6d4d644dd07ca72121e" },
    { url = "https://mirrors.aliyun.com/pypi/packages/aa/fe/66b6915671653ab739f71e4f1b0528e69da64429b7ebf3840c625b6e43f2/ty-0.0.55-py3-none-musllinux_1_2_armv7l.whl", hash = "sha256:9aeea0fe5875d3cf37faf0e44d0fdf9669335467749741b8fc0103916fb5cd32" },
    { url = "https://mirrors.aliyun.com/pypi/packages/4a/4f/7a9c0bbac8b899e9f6c0ec110c6612f52e4db35f6bb17ddc0ef60384fa3e/ty-0.0.55-py3-none-musllinux_1_2_i686.whl", hash = "sha256:0b699c01310dbd2705a07c97c5f4aaeedef61bd9adeea2e7c46aed32401d3576" },
    { url = "https://mirrors.aliyun.com/pypi/packages/ca/de/b6f8b1b69aa631b5716ef3f985c3b56de0e46c2499cc00d30c402b41f714/ty-0.0.55-py3-none-musllinux_1_2_x86_64.whl", hash = "sha256:32cbeba543e46de2a983ec6d525d8b56514f7422bd1e1b57c44ccf7bfa72c38a" },
    { url = "https://mirrors.aliyun.com/pypi/packages/7d/90/a912531e51ee7e076b42972479290fa687c0f5e747b7e773f3033164acaa/ty-0.0.55-py3-none-win32.whl", hash = "sha256:52b968e24eb4f7a5c3bd251db1f99f60dd385890356d38fc619d84f1b423446a" },
    { url = "https://mirrors.aliyun.com/pypi/packages/4c/7a/99d59843bf8908a7f9f4d13fda107dbad07b7faa28ecd7860eacf363fb1c/ty-0.0.55-py3-none-win_amd64.whl", hash = "sha256:bf39cbfdc0add44d94bd3fff1f53c351418d134b6a66b87efdb7876d7b7a2224" },
    { url = "https://mirrors.aliyun.com/pypi/packages/b3/44/20987505cedf2a865b08482f0eabc181fd9599b062964057ec8a128a4296/ty-0.0.55-py3-none-win_arm64.whl", hash = "sha256:f7f3700a9a060e8f1af11e4fb63fafcaf272b041781f4ccdfda2b3b5c6c1e439" },
]

[[package]]
name = "vulture"
version = "2.16"
source = { registry = "https://mirrors.aliyun.com/pypi/simple" }
sdist = { url = "https://mirrors.aliyun.com/pypi/packages/66/3e/4d08c5903b2c0c70cad583c170cc4a663fc6a61e2ad00b711fcda61358cd/vulture-2.16.tar.gz", hash = "sha256:f8d9f6e2af03011664a3c6c240c9765b3f392917d3135fddca6d6a68d359f717" }
wheels = [
    { url = "https://mirrors.aliyun.com/pypi/packages/f5/be/f935130312330614811dae2ea9df3f395f6d63889eb6c2e68c14507152ee/vulture-2.16-py3-none-any.whl", hash = "sha256:6e0f1c312cef1c87856957e5c2ca9608834a7c794c2180477f30bf0e4cc58eee" },
]

[[package]]
name = "xianzhang"
version = "0.1.0"
source = { editable = "." }
dependencies = [
    { name = "click" },
    { name = "ephem" },
    { name = "pillow" },
]

[package.dev-dependencies]
dev = [
    { name = "radon" },
    { name = "ruff" },
    { name = "ty" },
    { name = "vulture" },
]

[package.metadata]
requires-dist = [
    { name = "click", specifier = ">=8.4.2" },
    { name = "ephem", specifier = ">=4.2.1" },
    { name = "pillow", specifier = ">=12.3.0" },
]

[package.metadata.requires-dev]
dev = [
    { name = "radon", specifier = ">=6.0.1" },
    { name = "ruff", specifier = ">=0.15.20" },
    { name = "ty", specifier = ">=0.0.55" },
    { name = "vulture", specifier = ">=2.16" },
]
